// !$*UTF8*$!
{
	archiveVersion = 1;
	classes = {
	};
	objectVersion = 46;
	objects = {

/* Begin PBXBuildFile section */
		02EB5AEF1F708AE400A79E5C /* main.cpp in Sources */ = {isa = PBXBuildFile; fileRef = 02EB5AEE1F708AE400A79E5C /* main.cpp */; };
/* End PBXBuildFile section */

/* Begin PBXCopyFilesBuildPhase section */
		02EB5AE91F708AE400A79E5C /* CopyFiles */ = {
			isa = PBXCopyFilesBuildPhase;
			buildActionMask = 2147483647;
			dstPath = /usr/share/man/man1/;
			dstSubfolderSpec = 0;
			files = (
			);
			runOnlyForDeploymentPostprocessing = 1;
		};
/* End PBXCopyFilesBuildPhase section */

/* Begin PBXFileReference section */
		02EB5AEB1F708AE400A79E5C /* PROGRAMA 2 */ = {isa = PBXFileReference; explicitFileType = "compiled.mach-o.executable"; includeInIndex = 0; path = "PROGRAMA 2"; sourceTree = BUILT_PRODUCTS_DIR; };
		02EB5AEE1F708AE400A79E5C /* main.cpp */ = {isa = PBXFileReference; lastKnownFileType = sourcecode.cpp.cpp; path = main.cpp; sourceTree = "<group>"; };
		02EB5AF51F70970B00A79E5C /* Parte.h */ = {isa = PBXFileReference; lastKnownFileType = sourcecode.c.h; path = Parte.h; sourceTree = "<group>"; };
		02EB5AF61F709CA400A79E5C /* Control.h */ = {isa = PBXFileReference; lastKnownFileType = sourcecode.c.h; path = Control.h; sourceTree = "<group>"; };
		02EB5AF71F70A16000A79E5C /* test1.src */ = {isa = PBXFileReference; fileEncoding = 4; lastKnownFileType = text; path = test1.src; sourceTree = "<group>"; };
		02EB5AF81F70A16000A79E5C /* test2a.src */ = {isa = PBXFileReference; fileEncoding = 4; lastKnownFileType = text; path = test2a.src; sourceTree = "<group>"; };
		02EB5AF91F70A16000A79E5C /* test2b.src */ = {isa = PBXFileReference; fileEncoding = 4; lastKnownFileType = text; path = test2b.src; sourceTree = "<group>"; };
/* End PBXFileReference section */

/* Begin PBXFrameworksBuildPhase section */
		02EB5AE81F708AE400A79E5C /* Frameworks */ = {
			isa = PBXFrameworksBuildPhase;
			buildActionMask = 2147483647;
			files = (
			);
			runOnlyForDeploymentPostprocessing = 0;
		};
/* End PBXFrameworksBuildPhase section */

/* Begin PBXGroup section */
		02EB5AE21F708AE400A79E5C = {
			isa = PBXGroup;
			children = (
				02EB5AED1F708AE400A79E5C /* PROGRAMA 2 */,
				02EB5AEC1F708AE400A79E5C /* Products */,
			);
			sourceTree = "<group>";
		};
		02EB5AEC1F708AE400A79E5C /* Products */ = {
			isa = PBXGroup;
			children = (
				02EB5AEB1F708AE400A79E5C /* PROGRAMA 2 */,
			);
			name = Products;
			sourceTree = "<group>";
		};
		02EB5AED1F708AE400A79E5C /* PROGRAMA 2 */ = {
			isa = PBXGroup;
			children = (
				02EB5AEE1F708AE400A79E5C /* main.cpp */,
				02EB5AF51F70970B00A79E5C /* Parte.h */,
				02EB5AF61F709CA400A79E5C /* Control.h */,
				02EB5AF71F70A16000A79E5C /* test1.src */,
				02EB5AF81F70A16000A79E5C /* test2a.src */,
				02EB5AF91F70A16000A79E5C /* test2b.src */,
			);
			path = "PROGRAMA 2";
			sourceTree = "<group>";
		};
/* End PBXGroup section */

/* Begin PBXNativeTarget section */
		02EB5AEA1F708AE400A79E5C /* PROGRAMA 2 */ = {
			isa = PBXNativeTarget;
			buildConfigurationList = 02EB5AF21F708AE400A79E5C /* Build configuration list for PBXNativeTarget "PROGRAMA 2" */;
			buildPhases = (
				02EB5AE71F708AE400A79E5C /* Sources */,
				02EB5AE81F708AE400A79E5C /* Frameworks */,
				02EB5AE91F708AE400A79E5C /* CopyFiles */,
			);
			buildRules = (
			);
			dependencies = (
			);
			name = "PROGRAMA 2";
			productName = "PROGRAMA 2";
			productReference = 02EB5AEB1F708AE400A79E5C /* PROGRAMA 2 */;
			productType = "com.apple.product-type.tool";
		};
/* End PBXNativeTarget section */

/* Begin PBXProject section */
		02EB5AE31F708AE400A79E5C /* Project object */ = {
			isa = PBXProject;
			attributes = {
				LastUpgradeCheck = 0830;
				ORGANIZATIONNAME = DPSoftware;
				TargetAttributes = {
					02EB5AEA1F708AE400A79E5C = {
						CreatedOnToolsVersion = 8.3.3;
						DevelopmentTeam = 6TZH88HJTV;
						ProvisioningStyle = Automatic;
					};
				};
			};
			buildConfigurationList = 02EB5AE61F708AE400A79E5C /* Build configuration list for PBXProject "PROGRAMA 2" */;
			compatibilityVersion = "Xcode 3.2";
			developmentRegion = English;
			hasScannedForEncodings = 0;
			knownRegions = (
				en,
			);
			mainGroup = 02EB5AE21F708AE400A79E5C;
			productRefGroup = 02EB5AEC1F708AE400A79E5C /* Products */;
			projectDirPath = "";
			projectRoot = "";
			targets = (
				02EB5AEA1F708AE400A79E5C /* PROGRAMA 2 */,
			);
		};
/* End PBXProject section */

/* Begin PBXSourcesBuildPhase section */
		02EB5AE71F708AE400A79E5C /* Sources */ = {
			isa = PBXSourcesBuildPhase;
			buildActionMask = 2147483647;
			files = (
				02EB5AEF1F708AE400A79E5C /* main.cpp in Sources */,
			);
			runOnlyForDeploymentPostprocessing = 0;
		};
/* End PBXSourcesBuildPhase section */

/* Begin XCBuildConfiguration section */
		02EB5AF01F708AE400A79E5C /* Debug */ = {
			isa = XCBuildConfiguration;
			buildSettings = {
				ALWAYS_SEARCH_USER_PATHS = NO;
				CLANG_ANALYZER_NONNULL = YES;
				CLANG_ANALYZER_NUMBER_OBJECT_CONVERSION = YES_AGGRESSIVE;
				CLANG_CXX_LANGUAGE_STANDARD = "gnu++0x";
				CLANG_CXX_LIBRARY = "libc++";
				CLANG_ENABLE_MODULES = YES;
				CLANG_ENABLE_OBJC_ARC = YES;
				CLANG_WARN_BOOL_CONVERSION = YES;
				CLANG_WARN_CONSTANT_CONVERSION = YES;
				CLANG_WARN_DIRECT_OBJC_ISA_USAGE = YES_ERROR;
				CLANG_WARN_DOCUMENTATION_COMMENTS = YES;
				CLANG_WARN_EMPTY_BODY = YES;
				CLANG_WARN_ENUM_CONVERSION = YES;
				CLANG_WARN_INFINITE_RECURSION = YES;
				CLANG_WARN_INT_CONVERSION = YES;
				CLANG_WARN_OBJC_ROOT_CLASS = YES_ERROR;
				CLANG_WARN_SUSPICIOUS_MOVE = YES;
				CLANG_WARN_UNREACHABLE_CODE = YES;
				CLANG_WARN__DUPLICATE_METHOD_MATCH = YES;
				CODE_SIGN_IDENTITY = "-";
				COPY_PHASE_STRIP = NO;
				DEBUG_INFORMATION_FORMAT = dwarf;
				ENABLE_STRICT_OBJC_MSGSEND = YES;
				ENABLE_TESTABILITY = YES;
				GCC_C_LANGUAGE_STANDARD = gnu99;
				GCC_DYNAMIC_NO_PIC = NO;
				GCC_NO_COMMON_BLOCKS = YES;
				GCC_OPTIMIZATION_LEVEL = 0;
				GCC_PREPROCESSOR_DEFINITIONS = (
					"DEBUG=1",
					"$(inherited)",
				);
				GCC_WARN_64_TO_32_BIT_CONVERSION = YES;
				GCC_WARN_ABOUT_RETURN_TYPE = YES_ERROR;
				GCC_WARN_UNDECLARED_SELECTOR = YES;
				GCC_WARN_UNINITIALIZED_AUTOS = YES_AGGRESSIVE;
				GCC_WARN_UNUSED_FUNCTION = YES;
				GCC_WARN_UNUSED_VARIABLE = YES;
				MACOSX_DEPLOYMENT_TARGET = 10.12;
				MTL_ENABLE_DEBUG_INFO = YES;
				ONLY_ACTIVE_ARCH = YES;
				SDKROOT = macosx;
			};
			name = Debug;
		};
		02EB5AF11F708AE400A79E5C /* Release */ = {
			isa = XCBuildConfiguration;
			buildSettings = {
				ALWAYS_SEARCH_USER_PATHS = NO;
				CLANG_ANALYZER_NONNULL = YES;
				CLANG_ANALYZER_NUMBER_OBJECT_CONVERSION = YES_AGGRESSIVE;
				CLANG_CXX_LANGUAGE_STANDARD = "gnu++0x";
				CLANG_CXX_LIBRARY = "libc++";
				CLANG_ENABLE_MODULES = YES;
				CLANG_ENABLE_OBJC_ARC = YES;
				CLANG_WARN_BOOL_CONVERSION = YES;
				CLANG_WARN_CONSTANT_CONVERSION = YES;
				CLANG_WARN_DIRECT_OBJC_ISA_USAGE = YES_ERROR;
				CLANG_WARN_DOCUMENTATION_COMMENTS = YES;
				CLANG_WARN_EMPTY_BODY = YES;
				CLANG_WARN_ENUM_CONVERSION = YES;
				CLANG_WARN_INFINITE_RECURSION = YES;
				CLANG_WARN_INT_CONVERSION = YES;
				CLANG_WARN_OBJC_ROOT_CLASS = YES_ERROR;
				CLANG_WARN_SUSPICIOUS_MOVE = YES;
				CLANG_WARN_UNREACHABLE_CODE = YES;
				CLANG_WARN__DUPLICATE_METHOD_MATCH = YES;
				CODE_SIGN_IDENTITY = "-";
				COPY_PHASE_STRIP = NO;
				DEBUG_INFORMATION_FORMAT = "dwarf-with-dsym";
				ENABLE_NS_ASSERTIONS = NO;
				ENABLE_STRICT_OBJC_MSGSEND = YES;
				GCC_C_LANGUAGE_STANDARD = gnu99;
				GCC_NO_COMMON_BLOCKS = YES;
				GCC_WARN_64_TO_32_BIT_CONVERSION = YES;
				GCC_WARN_ABOUT_RETURN_TYPE = YES_ERROR;
				GCC_WARN_UNDECLARED_SELECTOR = YES;
				GCC_WARN_UNINITIALIZED_AUTOS = YES_AGGRESSIVE;
				GCC_WARN_UNUSED_FUNCTION = YES;
				GCC_WARN_UNUSED_VARIABLE = YES;
				MACOSX_DEPLOYMENT_TARGET = 10.12;
				MTL_ENABLE_DEBUG_INFO = NO;
				SDKROOT = macosx;
			};
			name = Release;
		};
		02EB5AF31F708AE400A79E5C /* Debug */ = {
			isa = XCBuildConfiguration;
			buildSettings = {
				DEVELOPMENT_TEAM = 6TZH88HJTV;
				PRODUCT_NAME = "$(TARGET_NAME)";
			};
			name = Debug;
		};
		02EB5AF41F708AE400A79E5C /* Release */ = {
			isa = XCBuildConfiguration;
			buildSettings = {
				DEVELOPMENT_TEAM = 6TZH88HJTV;
				PRODUCT_NAME = "$(TARGET_NAME)";
			};
			name = Release;
		};
/* End XCBuildConfiguration section */

/* Begin XCConfigurationList section */
		02EB5AE61F708AE400A79E5C /* Build configuration list for PBXProject "PROGRAMA 2" */ = {
			isa = XCConfigurationList;
			buildConfigurations = (
				02EB5AF01F708AE400A79E5C /* Debug */,
				02EB5AF11F708AE400A79E5C /* Release */,
			);
			defaultConfigurationIsVisible = 0;
			defaultConfigurationName = Release;
		};
		02EB5AF21F708AE400A79E5C /* Build configuration list for PBXNativeTarget "PROGRAMA 2" */ = {
			isa = XCConfigurationList;
			buildConfigurations = (
				02EB5AF31F708AE400A79E5C /* Debug */,
				02EB5AF41F708AE400A79E5C /* Release */,
			);
			defaultConfigurationIsVisible = 0;
		};
/* End XCConfigurationList section */
	};
	rootObject = 02EB5AE31F708AE400A79E5C /* Project object */;
}
